
Microsoft Visual Studio Solution File, Format Version 12.00
# Visual Studio Version 17
VisualStudioVersion = 17.3.32804.467
MinimumVisualStudioVersion = 10.0.40219.1
Project("{2150E333-8FDC-42A3-9474-1A3956D46DE8}") = "Doc", "Doc", "{49D2E88B-5488-4CE2-A946-D39CE60D33DC}"
EndProject
Project("{2150E333-8FDC-42A3-9474-1A3956D46DE8}") = "Src", "Src", "{B9245359-E0DB-4B95-B5FA-0A2A1FECDD5F}"
EndProject
Project("{2150E333-8FDC-42A3-9474-1A3956D46DE8}") = "Test", "Test", "{4E3FF540-B93D-407D-B148-03838234AEE1}"
EndProject
Project("{2150E333-8FDC-42A3-9474-1A3956D46DE8}") = "Core", "Core", "{BF29137B-074A-43BF-BAF1-E077E5322240}"
EndProject
Project("{2150E333-8FDC-42A3-9474-1A3956D46DE8}") = "Infrastructure", "Infrastructure", "{616B6632-B4F0-4505-A86A-BB3B4AB060FC}"
EndProject
Project("{2150E333-8FDC-42A3-9474-1A3956D46DE8}") = "Presentation", "Presentation", "{78B62EEF-D61B-4AF0-9F5A-083022FF5707}"
EndProject
Project("{2150E333-8FDC-42A3-9474-1A3956D46DE8}") = "Common", "Common", "{4E4FF6F4-F926-43A2-9A5F-6B052FF64027}"
EndProject
Project("{9A19103F-16F7-4668-BE54-9A1E7A4F7556}") = "Bugeto_Store.Domain", "Bugeto_Store.Domain\Bugeto_Store.Domain.csproj", "{6AE52B22-E2CD-41E7-B8C1-1DD676B2460F}"
EndProject
Project("{9A19103F-16F7-4668-BE54-9A1E7A4F7556}") = "Bugeto_Store.Application", "Bugeto_Store.Application\Bugeto_Store.Application.csproj", "{B40D8817-F1F2-4B88-BFDD-F0335B4A8A05}"
EndProject
Project("{9A19103F-16F7-4668-BE54-9A1E7A4F7556}") = "Bugeto_Store.Infrastructure", "Bugeto_Store.Infrastructure\Bugeto_Store.Infrastructure.csproj", "{1B47E5AF-342B-4EB0-B7D2-8DB695F439F1}"
EndProject
Project("{9A19103F-16F7-4668-BE54-9A1E7A4F7556}") = "Bugeto_Store.Persistence", "Bugeto_Store.Persistence\Bugeto_Store.Persistence.csproj", "{704ACE6C-DC26-4352-9873-D8FC57245E46}"
EndProject
Project("{9A19103F-16F7-4668-BE54-9A1E7A4F7556}") = "Bugeto_Store.Common", "Bugeto_Store.Common\Bugeto_Store.Common.csproj", "{72FD7E9B-097C-430E-B831-329095E02244}"
EndProject
Project("{9A19103F-16F7-4668-BE54-9A1E7A4F7556}") = "EndPoint.Site", "EndPoint.Site\EndPoint.Site.csproj", "{030DDC51-0969-4855-BBF6-E1BC9C9D0908}"
EndProject
Global
	GlobalSection(SolutionConfigurationPlatforms) = preSolution
		Debug|Any CPU = Debug|Any CPU
		Release|Any CPU = Release|Any CPU
	EndGlobalSection
	GlobalSection(ProjectConfigurationPlatforms) = postSolution
		{6AE52B22-E2CD-41E7-B8C1-1DD676B2460F}.Debug|Any CPU.ActiveCfg = Debug|Any CPU
		{6AE52B22-E2CD-41E7-B8C1-1DD676B2460F}.Debug|Any CPU.Build.0 = Debug|Any CPU
		{6AE52B22-E2CD-41E7-B8C1-1DD676B2460F}.Release|Any CPU.ActiveCfg = Release|Any CPU
		{6AE52B22-E2CD-41E7-B8C1-1DD676B2460F}.Release|Any CPU.Build.0 = Release|Any CPU
		{B40D8817-F1F2-4B88-BFDD-F0335B4A8A05}.Debug|Any CPU.ActiveCfg = Debug|Any CPU
		{B40D8817-F1F2-4B88-BFDD-F0335B4A8A05}.Debug|Any CPU.Build.0 = Debug|Any CPU
		{B40D8817-F1F2-4B88-BFDD-F0335B4A8A05}.Release|Any CPU.ActiveCfg = Release|Any CPU
		{B40D8817-F1F2-4B88-BFDD-F0335B4A8A05}.Release|Any CPU.Build.0 = Release|Any CPU
		{1B47E5AF-342B-4EB0-B7D2-8DB695F439F1}.Debug|Any CPU.ActiveCfg = Debug|Any CPU
		{1B47E5AF-342B-4EB0-B7D2-8DB695F439F1}.Debug|Any CPU.Build.0 = Debug|Any CPU
		{1B47E5AF-342B-4EB0-B7D2-8DB695F439F1}.Release|Any CPU.ActiveCfg = Release|Any CPU
		{1B47E5AF-342B-4EB0-B7D2-8DB695F439F1}.Release|Any CPU.Build.0 = Release|Any CPU
		{704ACE6C-DC26-4352-9873-D8FC57245E46}.Debug|Any CPU.ActiveCfg = Debug|Any CPU
		{704ACE6C-DC26-4352-9873-D8FC57245E46}.Debug|Any CPU.Build.0 = Debug|Any CPU
		{704ACE6C-DC26-4352-9873-D8FC57245E46}.Release|Any CPU.ActiveCfg = Release|Any CPU
		{704ACE6C-DC26-4352-9873-D8FC57245E46}.Release|Any CPU.Build.0 = Release|Any CPU
		{72FD7E9B-097C-430E-B831-329095E02244}.Debug|Any CPU.ActiveCfg = Debug|Any CPU
		{72FD7E9B-097C-430E-B831-329095E02244}.Debug|Any CPU.Build.0 = Debug|Any CPU
		{72FD7E9B-097C-430E-B831-329095E02244}.Release|Any CPU.ActiveCfg = Release|Any CPU
		{72FD7E9B-097C-430E-B831-329095E02244}.Release|Any CPU.Build.0 = Release|Any CPU
		{030DDC51-0969-4855-BBF6-E1BC9C9D0908}.Debug|Any CPU.ActiveCfg = Debug|Any CPU
		{030DDC51-0969-4855-BBF6-E1BC9C9D0908}.Debug|Any CPU.Build.0 = Debug|Any CPU
		{030DDC51-0969-4855-BBF6-E1BC9C9D0908}.Release|Any CPU.ActiveCfg = Release|Any CPU
		{030DDC51-0969-4855-BBF6-E1BC9C9D0908}.Release|Any CPU.Build.0 = Release|Any CPU
	EndGlobalSection
	GlobalSection(SolutionProperties) = preSolution
		HideSolutionNode = FALSE
	EndGlobalSection
	GlobalSection(NestedProjects) = preSolution
		{4E3FF540-B93D-407D-B148-03838234AEE1} = {78B62EEF-D61B-4AF0-9F5A-083022FF5707}
		{BF29137B-074A-43BF-BAF1-E077E5322240} = {B9245359-E0DB-4B95-B5FA-0A2A1FECDD5F}
		{616B6632-B4F0-4505-A86A-BB3B4AB060FC} = {B9245359-E0DB-4B95-B5FA-0A2A1FECDD5F}
		{78B62EEF-D61B-4AF0-9F5A-083022FF5707} = {B9245359-E0DB-4B95-B5FA-0A2A1FECDD5F}
		{4E4FF6F4-F926-43A2-9A5F-6B052FF64027} = {BF29137B-074A-43BF-BAF1-E077E5322240}
		{6AE52B22-E2CD-41E7-B8C1-1DD676B2460F} = {BF29137B-074A-43BF-BAF1-E077E5322240}
		{B40D8817-F1F2-4B88-BFDD-F0335B4A8A05} = {BF29137B-074A-43BF-BAF1-E077E5322240}
		{1B47E5AF-342B-4EB0-B7D2-8DB695F439F1} = {616B6632-B4F0-4505-A86A-BB3B4AB060FC}
		{704ACE6C-DC26-4352-9873-D8FC57245E46} = {616B6632-B4F0-4505-A86A-BB3B4AB060FC}
		{72FD7E9B-097C-430E-B831-329095E02244} = {4E4FF6F4-F926-43A2-9A5F-6B052FF64027}
		{030DDC51-0969-4855-BBF6-E1BC9C9D0908} = {78B62EEF-D61B-4AF0-9F5A-083022FF5707}
	EndGlobalSection
	GlobalSection(ExtensibilityGlobals) = postSolution
		SolutionGuid = {11EFB0AC-B449-4DF0-9096-530DAEBAD7C9}
	EndGlobalSection
EndGlobal
